
Microsoft Visual Studio Solution File, Format Version 12.00
Project("{FAE04EC0-301F-11D3-BF4B-00C04F79EFBC}") = "FindMaxima", "FindMaxima\FindMaxima.csproj", "{5343AD54-D456-48C4-A14C-3AE19618CDD3}"
EndProject
Global
	GlobalSection(SolutionConfigurationPlatforms) = preSolution
		Debug|Any CPU = Debug|Any CPU
		Release|Any CPU = Release|Any CPU
	EndGlobalSection
	GlobalSection(ProjectConfigurationPlatforms) = postSolution
		{5343AD54-D456-48C4-A14C-3AE19618CDD3}.Debug|Any CPU.ActiveCfg = Debug|Any CPU
		{5343AD54-D456-48C4-A14C-3AE19618CDD3}.Debug|Any CPU.Build.0 = Debug|Any CPU
		{5343AD54-D456-48C4-A14C-3AE19618CDD3}.Release|Any CPU.ActiveCfg = Release|Any CPU
		{5343AD54-D456-48C4-A14C-3AE19618CDD3}.Release|Any CPU.Build.0 = Release|Any CPU
	EndGlobalSection
EndGlobal
